
Microsoft Visual Studio Solution File, Format Version 12.00
# Visual Studio Version 17
VisualStudioVersion = 17.9.34902.65
MinimumVisualStudioVersion = 10.0.40219.1
Project("{FAE04EC0-301F-11D3-BF4B-00C04F79EFBC}") = "K22CNT3_THP_2210900054_Project2", "K22CNT3_THP_2210900054_Project2\K22CNT3_THP_2210900054_Project2.csproj", "{F4786FA5-26AE-49CE-B785-6A6E52E7FA4F}"
EndProject
Global
	GlobalSection(SolutionConfigurationPlatforms) = preSolution
		Debug|Any CPU = Debug|Any CPU
		Release|Any CPU = Release|Any CPU
	EndGlobalSection
	GlobalSection(ProjectConfigurationPlatforms) = postSolution
		{F4786FA5-26AE-49CE-B785-6A6E52E7FA4F}.Debug|Any CPU.ActiveCfg = Debug|Any CPU
		{F4786FA5-26AE-49CE-B785-6A6E52E7FA4F}.Debug|Any CPU.Build.0 = Debug|Any CPU
		{F4786FA5-26AE-49CE-B785-6A6E52E7FA4F}.Release|Any CPU.ActiveCfg = Release|Any CPU
		{F4786FA5-26AE-49CE-B785-6A6E52E7FA4F}.Release|Any CPU.Build.0 = Release|Any CPU
	EndGlobalSection
	GlobalSection(SolutionProperties) = preSolution
		HideSolutionNode = FALSE
	EndGlobalSection
	GlobalSection(ExtensibilityGlobals) = postSolution
		SolutionGuid = {FD209539-BACD-44B8-A855-9CBE71B0F06B}
	EndGlobalSection
EndGlobal
